
Microsoft Visual Studio Solution File, Format Version 12.00
# Visual Studio Version 16
VisualStudioVersion = 16.0.33927.289
MinimumVisualStudioVersion = 10.0.40219.1
Project("{FAE04EC0-301F-11D3-BF4B-00C04F79EFBC}") = "yacht", "yacht\yacht.csproj", "{0E143924-F842-443C-A316-674866AF7531}"
EndProject
Global
	GlobalSection(SolutionConfigurationPlatforms) = preSolution
		Debug|Any CPU = Debug|Any CPU
		Release|Any CPU = Release|Any CPU
	EndGlobalSection
	GlobalSection(ProjectConfigurationPlatforms) = postSolution
		{0E143924-F842-443C-A316-674866AF7531}.Debug|Any CPU.ActiveCfg = Debug|Any CPU
		{0E143924-F842-443C-A316-674866AF7531}.Debug|Any CPU.Build.0 = Debug|Any CPU
		{0E143924-F842-443C-A316-674866AF7531}.Release|Any CPU.ActiveCfg = Release|Any CPU
		{0E143924-F842-443C-A316-674866AF7531}.Release|Any CPU.Build.0 = Release|Any CPU
	EndGlobalSection
	GlobalSection(SolutionProperties) = preSolution
		HideSolutionNode = FALSE
	EndGlobalSection
	GlobalSection(ExtensibilityGlobals) = postSolution
		SolutionGuid = {94C81F2B-AA39-4A21-B626-FD88842F01E4}
	EndGlobalSection
EndGlobal
